schema:
  name: "baobab-platform-contract-consumption-lock"
  version: "1.0"
consumer:
  repository: "baobab-platform/zuribeans"
  entity_id: "ZURIBEANS"
sources:
  shared:
    repository: "baobab-platform/shared"
    commit: "c1acb318d55ce3ea87e8e13f780c92a62725b730"
    legal_entity_registry: "contracts/legal-entity/registry.yaml"
    development_environment: "contracts/development-environment/schema.yaml"
    supplier_onboarding:
      path: "contracts/supplier-onboarding/v1"
      note: >-
        Estate-owned pre-approval intake (system-of-record: hosting-estate).
        Status vocabulary and rejection_reason_code align with domain.schema.json.
        ERP Supplier remains canonical_owner erp; this package does not replace it.
    buyer_organisation:
      path: "contracts/buyer-organisation/v1"
      note: >-
        Platform buyer-organisation resource and lifecycle events published.
        Estate HTTP surface for buyers remains Trade-mediated (Gate ZB-04).
  trade:
    repository: "baobab-platform/baobab-trade"
    commit: "bd4074c050183cdca4f3831d9e47524c26a4677e"
    api: "Medusa v2 Store API"
gaps:
  - "Shared has not published a canonical commerce Store API package."
  - "Trade publishes Medusa Store API and B2B module models; buyer apply/admission HTTP contracts beyond stock Medusa remain engine-local until a Shared OpenAPI package is published."
  - "Shared has not published purchasing, RFQ or quotation schemas."
  - "Control Plane implements Market and capability-resolution domains, but ZuriBeans has not locked a canonical UG/ZA Market and buyer-capability resolution contract that Trade exposes to this frontend."
  - "IAM ADR-0010 defines the intended ZuriBeans B2B identity and organisation-access model but remains Proposed; the approved end-to-end identity-to-Trade buyer-context contract is not published."
notes:
  - "Resolved: shared's ADR-0001 classifies Zuribeans as B2B/Next.js (contracts/legal-entity/registry.yaml)."
  - "Resolved (ZB-05): contracts/supplier-onboarding/v1 is published on Shared and locked above; estate owns Supplier Application pre-approval per system-of-record.yaml."
  - "Resolved (partial): contracts/buyer-organisation/v1 is published on Shared; full buyer command OpenAPI remains a gap tracked under Trade/Shared coordination."
  - "Contract audit 2026-09-20 pins Shared c1acb318d55ce3ea87e8e13f780c92a62725b730 for supplier-onboarding and buyer-organisation packages."
